
Microsoft Visual Studio Solution File, Format Version 12.00
# Visual Studio Version 17
VisualStudioVersion = 17.1.32407.343
MinimumVisualStudioVersion = 10.0.40219.1
Project("{8BC9CEB8-8B4A-11D0-8D11-00A0C91BC942}") = "4.2", "4.2\4.2.vcxproj", "{2CB1ADAF-8FA9-485D-A0ED-B3797E17938F}"
EndProject
Project("{8BC9CEB8-8B4A-11D0-8D11-00A0C91BC942}") = "UnitTest1", "UnitTest1\UnitTest1.vcxproj", "{4B4B31FA-0C37-472C-A1CF-F09CAFBFAA58}"
EndProject
Global
	GlobalSection(SolutionConfigurationPlatforms) = preSolution
		Debug|x64 = Debug|x64
		Debug|x86 = Debug|x86
		Release|x64 = Release|x64
		Release|x86 = Release|x86
	EndGlobalSection
	GlobalSection(ProjectConfigurationPlatforms) = postSolution
		{2CB1ADAF-8FA9-485D-A0ED-B3797E17938F}.Debug|x64.ActiveCfg = Debug|x64
		{2CB1ADAF-8FA9-485D-A0ED-B3797E17938F}.Debug|x64.Build.0 = Debug|x64
		{2CB1ADAF-8FA9-485D-A0ED-B3797E17938F}.Debug|x86.ActiveCfg = Debug|Win32
		{2CB1ADAF-8FA9-485D-A0ED-B3797E17938F}.Debug|x86.Build.0 = Debug|Win32
		{2CB1ADAF-8FA9-485D-A0ED-B3797E17938F}.Release|x64.ActiveCfg = Release|x64
		{2CB1ADAF-8FA9-485D-A0ED-B3797E17938F}.Release|x64.Build.0 = Release|x64
		{2CB1ADAF-8FA9-485D-A0ED-B3797E17938F}.Release|x86.ActiveCfg = Release|Win32
		{2CB1ADAF-8FA9-485D-A0ED-B3797E17938F}.Release|x86.Build.0 = Release|Win32
		{4B4B31FA-0C37-472C-A1CF-F09CAFBFAA58}.Debug|x64.ActiveCfg = Debug|x64
		{4B4B31FA-0C37-472C-A1CF-F09CAFBFAA58}.Debug|x64.Build.0 = Debug|x64
		{4B4B31FA-0C37-472C-A1CF-F09CAFBFAA58}.Debug|x86.ActiveCfg = Debug|Win32
		{4B4B31FA-0C37-472C-A1CF-F09CAFBFAA58}.Debug|x86.Build.0 = Debug|Win32
		{4B4B31FA-0C37-472C-A1CF-F09CAFBFAA58}.Release|x64.ActiveCfg = Release|x64
		{4B4B31FA-0C37-472C-A1CF-F09CAFBFAA58}.Release|x64.Build.0 = Release|x64
		{4B4B31FA-0C37-472C-A1CF-F09CAFBFAA58}.Release|x86.ActiveCfg = Release|Win32
		{4B4B31FA-0C37-472C-A1CF-F09CAFBFAA58}.Release|x86.Build.0 = Release|Win32
	EndGlobalSection
	GlobalSection(SolutionProperties) = preSolution
		HideSolutionNode = FALSE
	EndGlobalSection
	GlobalSection(ExtensibilityGlobals) = postSolution
		SolutionGuid = {B0C40300-E57E-493D-ACB0-AAC48A357356}
	EndGlobalSection
EndGlobal
